
Microsoft Visual Studio Solution File, Format Version 12.00
# Visual Studio Version 17
VisualStudioVersion = 17.5.33424.131
MinimumVisualStudioVersion = 10.0.40219.1
Project("{9A19103F-16F7-4668-BE54-9A1E7A4F7556}") = "LeClassi", "LeClassi\LeClassi.csproj", "{263A6EB0-2589-4D34-A8DD-E4294CEDACF0}"
EndProject
Project("{9A19103F-16F7-4668-BE54-9A1E7A4F7556}") = "Polimorfismo", "Polimorfismo\Polimorfismo.csproj", "{2DB25766-AE59-4D5F-8CCA-A4FDB2F07A3F}"
EndProject
Project("{9A19103F-16F7-4668-BE54-9A1E7A4F7556}") = "Bankupgrade", "Bankupgrade\Bankupgrade.csproj", "{12539E41-2830-491A-B635-4DCD57C9DC22}"
EndProject
Project("{9A19103F-16F7-4668-BE54-9A1E7A4F7556}") = "path", "path\path.csproj", "{8BA6B376-0269-4B35-A04C-2AD296249070}"
EndProject
Project("{9A19103F-16F7-4668-BE54-9A1E7A4F7556}") = "DateTimeManagement", "DateTimeManagement\DateTimeManagement.csproj", "{6CE5A09D-CE7A-4659-8848-C37F5286FC5C}"
EndProject
Project("{9A19103F-16F7-4668-BE54-9A1E7A4F7556}") = "stockExange", "stockExange\stockExange.csproj", "{0A3FF740-BBBD-4FAB-83E4-6B254650CD34}"
EndProject
Project("{FAE04EC0-301F-11D3-BF4B-00C04F79EFBC}") = "CryptoExangeInterface", "CryptoExangeInterface\CryptoExangeInterface.csproj", "{41AEB12A-F294-448A-953D-88ABD8CE45F6}"
EndProject
Global
	GlobalSection(SolutionConfigurationPlatforms) = preSolution
		Debug|Any CPU = Debug|Any CPU
		Release|Any CPU = Release|Any CPU
	EndGlobalSection
	GlobalSection(ProjectConfigurationPlatforms) = postSolution
		{263A6EB0-2589-4D34-A8DD-E4294CEDACF0}.Debug|Any CPU.ActiveCfg = Debug|Any CPU
		{263A6EB0-2589-4D34-A8DD-E4294CEDACF0}.Debug|Any CPU.Build.0 = Debug|Any CPU
		{263A6EB0-2589-4D34-A8DD-E4294CEDACF0}.Release|Any CPU.ActiveCfg = Release|Any CPU
		{263A6EB0-2589-4D34-A8DD-E4294CEDACF0}.Release|Any CPU.Build.0 = Release|Any CPU
		{2DB25766-AE59-4D5F-8CCA-A4FDB2F07A3F}.Debug|Any CPU.ActiveCfg = Debug|Any CPU
		{2DB25766-AE59-4D5F-8CCA-A4FDB2F07A3F}.Debug|Any CPU.Build.0 = Debug|Any CPU
		{2DB25766-AE59-4D5F-8CCA-A4FDB2F07A3F}.Release|Any CPU.ActiveCfg = Release|Any CPU
		{2DB25766-AE59-4D5F-8CCA-A4FDB2F07A3F}.Release|Any CPU.Build.0 = Release|Any CPU
		{12539E41-2830-491A-B635-4DCD57C9DC22}.Debug|Any CPU.ActiveCfg = Debug|Any CPU
		{12539E41-2830-491A-B635-4DCD57C9DC22}.Debug|Any CPU.Build.0 = Debug|Any CPU
		{12539E41-2830-491A-B635-4DCD57C9DC22}.Release|Any CPU.ActiveCfg = Release|Any CPU
		{12539E41-2830-491A-B635-4DCD57C9DC22}.Release|Any CPU.Build.0 = Release|Any CPU
		{8BA6B376-0269-4B35-A04C-2AD296249070}.Debug|Any CPU.ActiveCfg = Debug|Any CPU
		{8BA6B376-0269-4B35-A04C-2AD296249070}.Debug|Any CPU.Build.0 = Debug|Any CPU
		{8BA6B376-0269-4B35-A04C-2AD296249070}.Release|Any CPU.ActiveCfg = Release|Any CPU
		{8BA6B376-0269-4B35-A04C-2AD296249070}.Release|Any CPU.Build.0 = Release|Any CPU
		{6CE5A09D-CE7A-4659-8848-C37F5286FC5C}.Debug|Any CPU.ActiveCfg = Debug|Any CPU
		{6CE5A09D-CE7A-4659-8848-C37F5286FC5C}.Debug|Any CPU.Build.0 = Debug|Any CPU
		{6CE5A09D-CE7A-4659-8848-C37F5286FC5C}.Release|Any CPU.ActiveCfg = Release|Any CPU
		{6CE5A09D-CE7A-4659-8848-C37F5286FC5C}.Release|Any CPU.Build.0 = Release|Any CPU
		{0A3FF740-BBBD-4FAB-83E4-6B254650CD34}.Debug|Any CPU.ActiveCfg = Debug|Any CPU
		{0A3FF740-BBBD-4FAB-83E4-6B254650CD34}.Debug|Any CPU.Build.0 = Debug|Any CPU
		{0A3FF740-BBBD-4FAB-83E4-6B254650CD34}.Release|Any CPU.ActiveCfg = Release|Any CPU
		{0A3FF740-BBBD-4FAB-83E4-6B254650CD34}.Release|Any CPU.Build.0 = Release|Any CPU
		{41AEB12A-F294-448A-953D-88ABD8CE45F6}.Debug|Any CPU.ActiveCfg = Debug|Any CPU
		{41AEB12A-F294-448A-953D-88ABD8CE45F6}.Debug|Any CPU.Build.0 = Debug|Any CPU
		{41AEB12A-F294-448A-953D-88ABD8CE45F6}.Release|Any CPU.ActiveCfg = Release|Any CPU
		{41AEB12A-F294-448A-953D-88ABD8CE45F6}.Release|Any CPU.Build.0 = Release|Any CPU
	EndGlobalSection
	GlobalSection(SolutionProperties) = preSolution
		HideSolutionNode = FALSE
	EndGlobalSection
	GlobalSection(ExtensibilityGlobals) = postSolution
		SolutionGuid = {74672F49-56EA-4A26-AE5B-BFA87F1E428C}
	EndGlobalSection
EndGlobal
